{
    "_readme": [
        "This file locks the dependencies of your project to a known state",
        "Read more about it at http://getcomposer.org/doc/01-basic-usage.md#composer-lock-the-lock-file",
        "This file is @generated automatically"
    ],
    "hash": "3b0f87ef45433dd4d275b43a5fbd2735",
    "packages": [
        {
            "name": "beberlei/assert",
            "version": "v2.3",
            "source": {
                "type": "git",
                "url": "https://github.com/beberlei/assert.git",
                "reference": "160eba4d1fbe692e42b3cf8a20b92ab23e3a8759"
            },
            "dist": {
                "type": "zip",
                "url": "https://api.github.com/repos/beberlei/assert/zipball/160eba4d1fbe692e42b3cf8a20b92ab23e3a8759",
                "reference": "160eba4d1fbe692e42b3cf8a20b92ab23e3a8759",
                "shasum": ""
            },
            "require": {
                "ext-mbstring": "*"
            },
            "type": "library",
            "extra": {
                "branch-alias": {
                    "dev-master": "2.3-dev"
                }
            },
            "autoload": {
                "psr-0": {
                    "Assert": "lib/"
                },
                "files": [
                    "lib/Assert/functions.php"
                ]
            },
            "notification-url": "https://packagist.org/downloads/",
            "license": [
                "BSD-2-Clause"
            ],
            "authors": [
                {
                    "name": "Benjamin Eberlei",
                    "email": "kontakt@beberlei.de"
                }
            ],
            "description": "Thin assertion library for input validation in business models.",
            "keywords": [
                "assert",
                "assertion",
                "validation"
            ],
            "time": "2014-12-18 19:12:40"
        },
        {
            "name": "guzzlehttp/guzzle",
            "version": "5.2.0",
            "source": {
                "type": "git",
                "url": "https://github.com/guzzle/guzzle.git",
                "reference": "475b29ccd411f2fa8a408e64576418728c032cfa"
            },
            "dist": {
                "type": "zip",
                "url": "https://api.github.com/repos/guzzle/guzzle/zipball/475b29ccd411f2fa8a408e64576418728c032cfa",
                "reference": "475b29ccd411f2fa8a408e64576418728c032cfa",
                "shasum": ""
            },
            "require": {
                "guzzlehttp/ringphp": "~1.0",
                "php": ">=5.4.0"
            },
            "require-dev": {
                "ext-curl": "*",
                "phpunit/phpunit": "~4.0",
                "psr/log": "~1.0"
            },
            "type": "library",
            "extra": {
                "branch-alias": {
                    "dev-master": "5.0-dev"
                }
            },
            "autoload": {
                "psr-4": {
                    "GuzzleHttp\\": "src/"
                }
            },
            "notification-url": "https://packagist.org/downloads/",
            "license": [
                "MIT"
            ],
            "authors": [
                {
                    "name": "Michael Dowling",
                    "email": "mtdowling@gmail.com",
                    "homepage": "https://github.com/mtdowling"
                }
            ],
            "description": "Guzzle is a PHP HTTP client library and framework for building RESTful web service clients",
            "homepage": "http://guzzlephp.org/",
            "keywords": [
                "client",
                "curl",
                "framework",
                "http",
                "http client",
                "rest",
                "web service"
            ],
            "time": "2015-01-28 01:03:29"
        },
        {
            "name": "guzzlehttp/ringphp",
            "version": "1.0.5",
            "source": {
                "type": "git",
                "url": "https://github.com/guzzle/RingPHP.git",
                "reference": "a903f51b692427318bc813217c0e6505287e79a4"
            },
            "dist": {
                "type": "zip",
                "url": "https://api.github.com/repos/guzzle/RingPHP/zipball/a903f51b692427318bc813217c0e6505287e79a4",
                "reference": "a903f51b692427318bc813217c0e6505287e79a4",
                "shasum": ""
            },
            "require": {
                "guzzlehttp/streams": "~3.0",
                "php": ">=5.4.0",
                "react/promise": "~2.0"
            },
            "require-dev": {
                "ext-curl": "*",
                "phpunit/phpunit": "~4.0"
            },
            "suggest": {
                "ext-curl": "Guzzle will use specific adapters if cURL is present"
            },
            "type": "library",
            "extra": {
                "branch-alias": {
                    "dev-master": "1.0-dev"
                }
            },
            "autoload": {
                "psr-4": {
                    "GuzzleHttp\\Ring\\": "src/"
                }
            },
            "notification-url": "https://packagist.org/downloads/",
            "license": [
                "MIT"
            ],
            "authors": [
                {
                    "name": "Michael Dowling",
                    "email": "mtdowling@gmail.com",
                    "homepage": "https://github.com/mtdowling"
                }
            ],
            "time": "2014-12-11 05:50:32"
        },
        {
            "name": "guzzlehttp/streams",
            "version": "3.0.0",
            "source": {
                "type": "git",
                "url": "https://github.com/guzzle/streams.git",
                "reference": "47aaa48e27dae43d39fc1cea0ccf0d84ac1a2ba5"
            },
            "dist": {
                "type": "zip",
                "url": "https://api.github.com/repos/guzzle/streams/zipball/47aaa48e27dae43d39fc1cea0ccf0d84ac1a2ba5",
                "reference": "47aaa48e27dae43d39fc1cea0ccf0d84ac1a2ba5",
                "shasum": ""
            },
            "require": {
                "php": ">=5.4.0"
            },
            "require-dev": {
                "phpunit/phpunit": "~4.0"
            },
            "type": "library",
            "extra": {
                "branch-alias": {
                    "dev-master": "3.0-dev"
                }
            },
            "autoload": {
                "psr-4": {
                    "GuzzleHttp\\Stream\\": "src/"
                }
            },
            "notification-url": "https://packagist.org/downloads/",
            "license": [
                "MIT"
            ],
            "authors": [
                {
                    "name": "Michael Dowling",
                    "email": "mtdowling@gmail.com",
                    "homepage": "https://github.com/mtdowling"
                }
            ],
            "description": "Provides a simple abstraction over streams of data",
            "homepage": "http://guzzlephp.org/",
            "keywords": [
                "Guzzle",
                "stream"
            ],
            "time": "2014-10-12 19:18:40"
        },
        {
            "name": "mathiasverraes/classfunctions",
            "version": "1.1.0",
            "source": {
                "type": "git",
                "url": "https://github.com/mathiasverraes/classfunctions.git",
                "reference": "f0f8dadf1ab4a71e84dede2adb1ed8a34cef7c34"
            },
            "dist": {
                "type": "zip",
                "url": "https://api.github.com/repos/mathiasverraes/classfunctions/zipball/f0f8dadf1ab4a71e84dede2adb1ed8a34cef7c34",
                "reference": "f0f8dadf1ab4a71e84dede2adb1ed8a34cef7c34",
                "shasum": ""
            },
            "require": {
                "php": ">=5.4"
            },
            "require-dev": {
                "phpunit/phpunit": "4.*"
            },
            "type": "library",
            "extra": {
                "branch-alias": {
                    "dev-master": "1.1-dev"
                }
            },
            "autoload": {
                "psr-0": {
                    "Verraes": "src"
                }
            },
            "notification-url": "https://packagist.org/downloads/",
            "license": [
                "MIT"
            ],
            "authors": [
                {
                    "name": "Mathias Verraes",
                    "email": "mathias@verraes.net",
                    "homepage": "http://verraes.net",
                    "role": "Developer"
                }
            ],
            "description": "Functions to manipulate class names",
            "homepage": "http://verraes.net",
            "keywords": [
                "classes",
                "utilities"
            ],
            "time": "2014-07-28 14:39:20"
        },
        {
            "name": "react/promise",
            "version": "v2.2.0",
            "source": {
                "type": "git",
                "url": "https://github.com/reactphp/promise.git",
                "reference": "365fcee430dfa4ace1fbc75737ca60ceea7eeeef"
            },
            "dist": {
                "type": "zip",
                "url": "https://api.github.com/repos/reactphp/promise/zipball/365fcee430dfa4ace1fbc75737ca60ceea7eeeef",
                "reference": "365fcee430dfa4ace1fbc75737ca60ceea7eeeef",
                "shasum": ""
            },
            "require": {
                "php": ">=5.4.0"
            },
            "type": "library",
            "extra": {
                "branch-alias": {
                    "dev-master": "2.0-dev"
                }
            },
            "autoload": {
                "psr-4": {
                    "React\\Promise\\": "src/"
                },
                "files": [
                    "src/functions_include.php"
                ]
            },
            "notification-url": "https://packagist.org/downloads/",
            "license": [
                "MIT"
            ],
            "authors": [
                {
                    "name": "Jan Sorgalla",
                    "email": "jsorgalla@googlemail.com"
                }
            ],
            "description": "A lightweight implementation of CommonJS Promises/A for PHP",
            "time": "2014-12-30 13:32:42"
        },
        {
            "name": "rhumsaa/uuid",
            "version": "2.8.0",
            "source": {
                "type": "git",
                "url": "https://github.com/ramsey/uuid.git",
                "reference": "cca98c652cac412c9c2f109c69e5532f313435fc"
            },
            "dist": {
                "type": "zip",
                "url": "https://api.github.com/repos/ramsey/uuid/zipball/cca98c652cac412c9c2f109c69e5532f313435fc",
                "reference": "cca98c652cac412c9c2f109c69e5532f313435fc",
                "shasum": ""
            },
            "require": {
                "php": ">=5.3.3"
            },
            "require-dev": {
                "doctrine/dbal": ">=2.3",
                "moontoast/math": "~1.1",
                "phpunit/phpunit": "~4.1",
                "satooshi/php-coveralls": "~0.6",
                "symfony/console": "~2.3"
            },
            "suggest": {
                "doctrine/dbal": "Allow the use of a UUID as doctrine field type.",
                "moontoast/math": "Support for converting UUID to 128-bit integer (in string form).",
                "symfony/console": "Support for use of the bin/uuid command line tool."
            },
            "bin": [
                "bin/uuid"
            ],
            "type": "library",
            "extra": {
                "branch-alias": {
                    "dev-master": "2.8.x-dev"
                }
            },
            "autoload": {
                "psr-4": {
                    "Rhumsaa\\Uuid\\": "src/"
                }
            },
            "notification-url": "https://packagist.org/downloads/",
            "license": [
                "MIT"
            ],
            "authors": [
                {
                    "name": "Marijn Huizendveld",
                    "email": "marijn.huizendveld@gmail.com"
                },
                {
                    "name": "Ben Ramsey",
                    "homepage": "http://benramsey.com"
                }
            ],
            "description": "A PHP 5.3+ library for generating RFC 4122 version 1, 3, 4, and 5 universally unique identifiers (UUID).",
            "homepage": "https://github.com/ramsey/uuid",
            "keywords": [
                "guid",
                "identifier",
                "uuid"
            ],
            "time": "2014-11-09 18:42:56"
        },
        {
            "name": "ronanguilloux/isocodes",
            "version": "1.1.2",
            "source": {
                "type": "git",
                "url": "https://github.com/ronanguilloux/IsoCodes.git",
                "reference": "e7b731831f6e2103744749c573ba55dcb089edb3"
            },
            "dist": {
                "type": "zip",
                "url": "https://api.github.com/repos/ronanguilloux/IsoCodes/zipball/e7b731831f6e2103744749c573ba55dcb089edb3",
                "reference": "e7b731831f6e2103744749c573ba55dcb089edb3",
                "shasum": ""
            },
            "require": {
                "php": ">=5.3.0"
            },
            "require-dev": {
                "fabpot/php-cs-fixer": "@stable",
                "pdepend/pdepend": "2.0.*",
                "phploc/phploc": "*",
                "phpmd/phpmd": "2.0.*",
                "phpunit/phpunit": "~4.4",
                "satooshi/php-coveralls": "dev-master",
                "sebastian/phpcpd": "*",
                "squizlabs/php_codesniffer": "2.0.x-dev"
            },
            "type": "library",
            "extra": {
                "branch-alias": {
                    "dev-master": "1.2.x-dev"
                }
            },
            "autoload": {
                "psr-0": {
                    "IsoCodes": "src/"
                }
            },
            "notification-url": "https://packagist.org/downloads/",
            "license": [
                "GPL-3.0+"
            ],
            "authors": [
                {
                    "name": "Ronan Guilloux",
                    "email": "ronan.guilloux@gmail.com",
                    "homepage": "http://github.com/ronanguilloux",
                    "role": "Developer"
                }
            ],
            "description": "PHP library, validating various ISO codes, such as IBAN, SWIFT/BIC, BBAN, RIB, Credit Card number, INSEE, VAT, NSS, Siren, Siret, Ssn, NINO, Zipcode (US, Canada, France...), EAN13, Spanish CIF & NIF",
            "homepage": "https://github.com/ronanguilloux/IsoCodes",
            "keywords": [
                "BBAN",
                "BIC",
                "CIF",
                "Credit Card number",
                "EAN13",
                "IBAN",
                "INSEE",
                "ISO codes",
                "NIF",
                "NINO",
                "NSS",
                "RIB",
                "Siren",
                "Siret",
                "Ssn",
                "swift",
                "vat",
                "zipcode"
            ],
            "time": "2012-10-10 00:00:00"
        }
    ],
    "packages-dev": [],
    "aliases": [],
    "minimum-stability": "stable",
    "stability-flags": [],
    "prefer-stable": false,
    "prefer-lowest": false,
    "platform": {
        "php": ">=5.4.0"
    },
    "platform-dev": []
}
